
Microsoft Visual Studio Solution File, Format Version 12.00
# Visual Studio Version 16
VisualStudioVersion = 16.0.32802.440
MinimumVisualStudioVersion = 10.0.40219.1
Project("{FAE04EC0-301F-11D3-BF4B-00C04F79EFBC}") = "jatek", "jatek\jatek.csproj", "{4C38B578-8CBF-4EBD-8FB2-73A20A7A1751}"
EndProject
Global
	GlobalSection(SolutionConfigurationPlatforms) = preSolution
		Debug|Any CPU = Debug|Any CPU
		Release|Any CPU = Release|Any CPU
	EndGlobalSection
	GlobalSection(ProjectConfigurationPlatforms) = postSolution
		{4C38B578-8CBF-4EBD-8FB2-73A20A7A1751}.Debug|Any CPU.ActiveCfg = Debug|Any CPU
		{4C38B578-8CBF-4EBD-8FB2-73A20A7A1751}.Debug|Any CPU.Build.0 = Debug|Any CPU
		{4C38B578-8CBF-4EBD-8FB2-73A20A7A1751}.Release|Any CPU.ActiveCfg = Release|Any CPU
		{4C38B578-8CBF-4EBD-8FB2-73A20A7A1751}.Release|Any CPU.Build.0 = Release|Any CPU
	EndGlobalSection
	GlobalSection(SolutionProperties) = preSolution
		HideSolutionNode = FALSE
	EndGlobalSection
	GlobalSection(ExtensibilityGlobals) = postSolution
		SolutionGuid = {7A6C0264-A721-4D48-B2FC-F9CEBF04AF95}
	EndGlobalSection
EndGlobal
